
Microsoft Visual Studio Solution File, Format Version 12.00
# Visual Studio Version 17
VisualStudioVersion = 17.5.2.0
MinimumVisualStudioVersion = 10.0.40219.1
Project("{2150E333-8FDC-42A3-9474-1A3956D46DE8}") = "src", "src", "{827E0CD3-B72D-47B6-A68D-7590B98EB39B}"
EndProject
Project("{FAE04EC0-301F-11D3-BF4B-00C04F79EFBC}") = "HelloWorldDotNet10", "src\Aula 01 - HelloWorld\HelloWorldDotNet10.csproj", "{1041A68B-663B-927E-E3F2-5F941885FD2D}"
EndProject
Project("{FAE04EC0-301F-11D3-BF4B-00C04F79EFBC}") = "InterceptorsAndPatternMatching", "src\Aula 02 - Interceptors e Pattern Matching\InterceptorsAndPatternMatching.csproj", "{01811B6C-0D1A-9555-75F5-54652B3335F4}"
EndProject
Project("{FAE04EC0-301F-11D3-BF4B-00C04F79EFBC}") = "ApiMinimalistaDotNet10", "src\Aula 03 - API Minimalista com .NET 10\ApiMinimalistaDotNet10.csproj", "{C2F4A0C6-1032-5755-DC50-AEBB97A6C624}"
EndProject
Project("{FAE04EC0-301F-11D3-BF4B-00C04F79EFBC}") = "MLNetDemo", "src\Aula 04 - Integração com AI SDK (ML.NET)\MLNetDemo.csproj", "{30F8806A-E45E-BA97-46FE-7CCBD32A8DD9}"
EndProject
Global
	GlobalSection(SolutionConfigurationPlatforms) = preSolution
		Debug|Any CPU = Debug|Any CPU
		Release|Any CPU = Release|Any CPU
	EndGlobalSection
	GlobalSection(ProjectConfigurationPlatforms) = postSolution
		{1041A68B-663B-927E-E3F2-5F941885FD2D}.Debug|Any CPU.ActiveCfg = Debug|Any CPU
		{1041A68B-663B-927E-E3F2-5F941885FD2D}.Debug|Any CPU.Build.0 = Debug|Any CPU
		{1041A68B-663B-927E-E3F2-5F941885FD2D}.Release|Any CPU.ActiveCfg = Release|Any CPU
		{1041A68B-663B-927E-E3F2-5F941885FD2D}.Release|Any CPU.Build.0 = Release|Any CPU
		{01811B6C-0D1A-9555-75F5-54652B3335F4}.Debug|Any CPU.ActiveCfg = Debug|Any CPU
		{01811B6C-0D1A-9555-75F5-54652B3335F4}.Debug|Any CPU.Build.0 = Debug|Any CPU
		{01811B6C-0D1A-9555-75F5-54652B3335F4}.Release|Any CPU.ActiveCfg = Release|Any CPU
		{01811B6C-0D1A-9555-75F5-54652B3335F4}.Release|Any CPU.Build.0 = Release|Any CPU
		{C2F4A0C6-1032-5755-DC50-AEBB97A6C624}.Debug|Any CPU.ActiveCfg = Debug|Any CPU
		{C2F4A0C6-1032-5755-DC50-AEBB97A6C624}.Debug|Any CPU.Build.0 = Debug|Any CPU
		{C2F4A0C6-1032-5755-DC50-AEBB97A6C624}.Release|Any CPU.ActiveCfg = Release|Any CPU
		{C2F4A0C6-1032-5755-DC50-AEBB97A6C624}.Release|Any CPU.Build.0 = Release|Any CPU
		{30F8806A-E45E-BA97-46FE-7CCBD32A8DD9}.Debug|Any CPU.ActiveCfg = Debug|Any CPU
		{30F8806A-E45E-BA97-46FE-7CCBD32A8DD9}.Debug|Any CPU.Build.0 = Debug|Any CPU
		{30F8806A-E45E-BA97-46FE-7CCBD32A8DD9}.Release|Any CPU.ActiveCfg = Release|Any CPU
		{30F8806A-E45E-BA97-46FE-7CCBD32A8DD9}.Release|Any CPU.Build.0 = Release|Any CPU
	EndGlobalSection
	GlobalSection(SolutionProperties) = preSolution
		HideSolutionNode = FALSE
	EndGlobalSection
	GlobalSection(NestedProjects) = preSolution
		{1041A68B-663B-927E-E3F2-5F941885FD2D} = {827E0CD3-B72D-47B6-A68D-7590B98EB39B}
		{01811B6C-0D1A-9555-75F5-54652B3335F4} = {827E0CD3-B72D-47B6-A68D-7590B98EB39B}
		{C2F4A0C6-1032-5755-DC50-AEBB97A6C624} = {827E0CD3-B72D-47B6-A68D-7590B98EB39B}
		{30F8806A-E45E-BA97-46FE-7CCBD32A8DD9} = {827E0CD3-B72D-47B6-A68D-7590B98EB39B}
	EndGlobalSection
	GlobalSection(ExtensibilityGlobals) = postSolution
		SolutionGuid = {4BAA2FDD-8DBA-4365-B1DC-CD9EF102DAF6}
	EndGlobalSection
EndGlobal
